
Microsoft Visual Studio Solution File, Format Version 12.00
# Visual Studio Version 16
VisualStudioVersion = 16.0.29201.188
MinimumVisualStudioVersion = 10.0.40219.1
Project("{FAE04EC0-301F-11D3-BF4B-00C04F79EFBC}") = "SavingExperiment", "SavingExperiment\SavingExperiment.csproj", "{5D512AA5-0004-4721-88DE-8081E4D090CD}"
EndProject
Global
	GlobalSection(SolutionConfigurationPlatforms) = preSolution
		Debug|Any CPU = Debug|Any CPU
		Release|Any CPU = Release|Any CPU
	EndGlobalSection
	GlobalSection(ProjectConfigurationPlatforms) = postSolution
		{5D512AA5-0004-4721-88DE-8081E4D090CD}.Debug|Any CPU.ActiveCfg = Debug|Any CPU
		{5D512AA5-0004-4721-88DE-8081E4D090CD}.Debug|Any CPU.Build.0 = Debug|Any CPU
		{5D512AA5-0004-4721-88DE-8081E4D090CD}.Release|Any CPU.ActiveCfg = Release|Any CPU
		{5D512AA5-0004-4721-88DE-8081E4D090CD}.Release|Any CPU.Build.0 = Release|Any CPU
	EndGlobalSection
	GlobalSection(SolutionProperties) = preSolution
		HideSolutionNode = FALSE
	EndGlobalSection
	GlobalSection(ExtensibilityGlobals) = postSolution
		SolutionGuid = {19448DE2-99BF-4544-A5FC-CD400E5C930A}
	EndGlobalSection
EndGlobal
